
Microsoft Visual Studio Solution File, Format Version 12.00
# Visual Studio Version 16
VisualStudioVersion = 16.0.30413.136
MinimumVisualStudioVersion = 10.0.40219.1
Project("{2150E333-8FDC-42A3-9474-1A3956D46DE8}") = "입출력과 사칙연산", "입출력과 사칙연산", "{301A5C05-ABA0-436D-AED5-2E904FD46E6A}"
EndProject
Project("{9A19103F-16F7-4668-BE54-9A1E7A4F7556}") = "no10718_We_love_kriii", "입출력과 사칙연산\no10718_We_love_kriii\no10718_We_love_kriii.csproj", "{5916D137-3687-4224-BB36-8CCACAA2056D}"
EndProject
Project("{9A19103F-16F7-4668-BE54-9A1E7A4F7556}") = "no10171_Cat", "입출력과 사칙연산\no10171_Cat\no10171_Cat.csproj", "{F5BA6B7B-9BE9-4D0E-828F-EA0C3598F766}"
EndProject
Project("{9A19103F-16F7-4668-BE54-9A1E7A4F7556}") = "no1000_A_plus_B", "입출력과 사칙연산\no1000_A_plus_B\no1000_A_plus_B.csproj", "{08A4E103-2D17-49C9-9883-1CDBD08D221D}"
EndProject
Project("{9A19103F-16F7-4668-BE54-9A1E7A4F7556}") = "no1001_A_minus_B", "입출력과 사칙연산\no1001_A_minus_B\no1001_A_minus_B.csproj", "{B39DF3F8-F9D8-4422-8B37-1BB55FEF3B54}"
EndProject
Project("{9A19103F-16F7-4668-BE54-9A1E7A4F7556}") = "no2557_Hello_World", "입출력과 사칙연산\no2557_Hello_World\no2557_Hello_World.csproj", "{AD14ECA4-0475-45E6-A8C2-A1FAB358DB84}"
EndProject
Project("{9A19103F-16F7-4668-BE54-9A1E7A4F7556}") = "no10172_Dog", "입출력과 사칙연산\no10172_Dog\no10172_Dog.csproj", "{29A45241-5E72-4509-A520-84DCA57E46E1}"
EndProject
Project("{9A19103F-16F7-4668-BE54-9A1E7A4F7556}") = "no10998_A_times_B", "입출력과 사칙연산\no10998_A_times_B\no10998_A_times_B.csproj", "{8863E9BE-234A-4CAE-B829-15C2A1F2A3B5}"
EndProject
Project("{9A19103F-16F7-4668-BE54-9A1E7A4F7556}") = "no1008_A_divided by_B", "입출력과 사칙연산\no1008_A_divided by_B\no1008_A_divided by_B.csproj", "{72E01E1E-0D4D-47E4-B149-10D7BD2BF312}"
EndProject
Project("{9A19103F-16F7-4668-BE54-9A1E7A4F7556}") = "no10869_Operation", "입출력과 사칙연산\no10869_operation\no10869_Operation.csproj", "{EE28491F-4E1B-475E-86FC-11214586A7C4}"
EndProject
Project("{9A19103F-16F7-4668-BE54-9A1E7A4F7556}") = "no10430_Remainder", "입출력과 사칙연산\no10430_remainder\no10430_Remainder.csproj", "{0F18B016-7C70-49DF-8D6B-DD96D7CAB4F1}"
EndProject
Project("{9A19103F-16F7-4668-BE54-9A1E7A4F7556}") = "no2588_Multiplication", "입출력과 사칙연산\no2588_Multiplication\no2588_Multiplication.csproj", "{8AE7090E-C29A-4DF3-A455-67CAEDD2762A}"
EndProject
Project("{2150E333-8FDC-42A3-9474-1A3956D46DE8}") = "if문", "if문", "{09CA6C6C-BA3D-4964-BD5D-665EA2823D1D}"
EndProject
Project("{9A19103F-16F7-4668-BE54-9A1E7A4F7556}") = "no9498_Test_results", "if문\no9498_Test_results\no9498_Test_results.csproj", "{F91C9D2B-FC44-499B-972F-BDEA3B6864BD}"
EndProject
Project("{9A19103F-16F7-4668-BE54-9A1E7A4F7556}") = "no2753_leap_year", "if문\no2753_leap_year\no2753_leap_year.csproj", "{0FAE71BF-6BAF-4E52-BA21-EBB00C236656}"
EndProject
Project("{9A19103F-16F7-4668-BE54-9A1E7A4F7556}") = "no14681_Choose_a_quadrant", "if문\no14681_Choose_a_quadrant\no14681_Choose_a_quadrant.csproj", "{AEAE237F-40B7-4B17-8935-7C9C9E968E83}"
EndProject
Project("{9A19103F-16F7-4668-BE54-9A1E7A4F7556}") = "no_2884_Alarm_clock", "if문\no_2884_Alarm_clock\no_2884_Alarm_clock.csproj", "{0EDB91E7-5526-4754-906F-11ADB155E157}"
EndProject
Project("{9A19103F-16F7-4668-BE54-9A1E7A4F7556}") = "no1330_Compare_two_numbers", "if문\no1330_Compare_two_numbers\no1330_Compare_two_numbers.csproj", "{F97C70EB-1F96-43CA-92DD-93406AF215B3}"
EndProject
Project("{2150E333-8FDC-42A3-9474-1A3956D46DE8}") = "for문", "for문", "{17314315-4CAF-40EE-87BD-3D954EFE9237}"
EndProject
Project("{9A19103F-16F7-4668-BE54-9A1E7A4F7556}") = "no2739_multiplication_table", "for문\no2739_multiplication_table\no2739_multiplication_table.csproj", "{9E098239-8233-4B8F-964C-EF6ADE99A40F}"
EndProject
Project("{9A19103F-16F7-4668-BE54-9A1E7A4F7556}") = "no8393_sum", "for문\no8393_sum\no8393_sum.csproj", "{A6C7BFD0-CDA0-4FD0-8557-BF76A5EB26AD}"
EndProject
Project("{9A19103F-16F7-4668-BE54-9A1E7A4F7556}") = "no2741_N_enumerate", "for문\no2741_N_enumerate\no2741_N_enumerate.csproj", "{3AB70567-0B20-4BE7-B2A0-5546B1B859C3}"
EndProject
Project("{9A19103F-16F7-4668-BE54-9A1E7A4F7556}") = "no2742_reverse_N_enumerate", "for문\no2742_reverse_N_enumerate\no2742_reverse_N_enumerate.csproj", "{B65F2A33-8375-4619-BF1D-B6C59B145955}"
EndProject
Project("{9A19103F-16F7-4668-BE54-9A1E7A4F7556}") = "no10950_A_plus_B_3", "for문\no10950_A_plus_B_3\no10950_A_plus_B_3.csproj", "{054BA203-0DB6-4D3D-8323-77A524BBA738}"
EndProject
Project("{9A19103F-16F7-4668-BE54-9A1E7A4F7556}") = "no11021_A_plus_B_7", "for문\no11021_A_plus_B_7\no11021_A_plus_B_7.csproj", "{548C00F5-9F2E-430A-8FB8-7DF2DC81B6AE}"
EndProject
Project("{9A19103F-16F7-4668-BE54-9A1E7A4F7556}") = "no11022_A_plus_B_8", "for문\no11022_A_plus_B_8\no11022_A_plus_B_8.csproj", "{913223F2-305A-470C-99EE-4DCD8F86CB1F}"
EndProject
Project("{9A19103F-16F7-4668-BE54-9A1E7A4F7556}") = "no2438_star_1", "for문\no2438_star_1\no2438_star_1.csproj", "{3D720640-0481-4EC7-8BBA-B7261BEE441E}"
EndProject
Project("{9A19103F-16F7-4668-BE54-9A1E7A4F7556}") = "no2439_star_2", "for문\no2439_star_2\no2439_star_2.csproj", "{22389B97-1447-4391-904C-B16748244B9D}"
EndProject
Project("{9A19103F-16F7-4668-BE54-9A1E7A4F7556}") = "no10871_number_less_than_X", "for문\no10871_number_less_than_X\no10871_number_less_than_X.csproj", "{A02485FA-CA85-4954-ABBE-D541D61F5D73}"
EndProject
Project("{2150E333-8FDC-42A3-9474-1A3956D46DE8}") = "While문", "While문", "{BA580EFB-0583-44D2-9FA2-FC0F0C088E1E}"
EndProject
Project("{9A19103F-16F7-4668-BE54-9A1E7A4F7556}") = "no10952_A+B_5", "While문\no10952_A+B-5\no10952_A+B_5.csproj", "{FF16C901-7642-44A1-B58C-FC605CB62D4B}"
EndProject
Project("{9A19103F-16F7-4668-BE54-9A1E7A4F7556}") = "no10951_A+B_4", "While문\no10951_A+B_4\no10951_A+B_4.csproj", "{2B92C3BA-BDAB-43D2-9987-6BC5EEBBA203}"
EndProject
Project("{9A19103F-16F7-4668-BE54-9A1E7A4F7556}") = "no1110_Addition_cycle", "While문\no1110_Addition_cycle\no1110_Addition_cycle.csproj", "{FCA934ED-2A4C-4159-92F0-AC235F23FEB0}"
EndProject
Project("{2150E333-8FDC-42A3-9474-1A3956D46DE8}") = "1차원 배열", "1차원 배열", "{4F0EB9FF-F4BF-4897-9268-140A0409FA89}"
EndProject
Project("{9A19103F-16F7-4668-BE54-9A1E7A4F7556}") = "no10818_Min_and_Max", "1차원 배열\no10818_Min_or_Max\no10818_Min_and_Max.csproj", "{8A5EB978-81E0-4F48-86DD-8EE8146C8354}"
EndProject
Project("{9A19103F-16F7-4668-BE54-9A1E7A4F7556}") = "no2562_Max_value", "1차원 배열\no2562_Max_value\no2562_Max_value.csproj", "{85B9082B-E506-4ECC-9A11-9477B160D578}"
EndProject
Project("{9A19103F-16F7-4668-BE54-9A1E7A4F7556}") = "no2577_Value_count", "1차원 배열\no2577_Value_count\no2577_Value_count.csproj", "{33696AFF-676F-444A-9B54-B8257B950B30}"
EndProject
Project("{9A19103F-16F7-4668-BE54-9A1E7A4F7556}") = "no3052_Remainder", "1차원 배열\no3052_Remainder\no3052_Remainder.csproj", "{AEAAB8EA-52A6-41DB-86EB-A9F8F6A7C699}"
EndProject
Project("{9A19103F-16F7-4668-BE54-9A1E7A4F7556}") = "no1546_Average", "1차원 배열\no1546_Average\no1546_Average.csproj", "{2826C950-A6CD-403E-865C-18642FFD5935}"
EndProject
Project("{9A19103F-16F7-4668-BE54-9A1E7A4F7556}") = "no8958_OX_Quiz", "1차원 배열\no8958_OX_Quiz\no8958_OX_Quiz.csproj", "{0C36EDE0-B3AD-425C-B884-CCDD1DCA7775}"
EndProject
Project("{9A19103F-16F7-4668-BE54-9A1E7A4F7556}") = "no4344_above_Average", "1차원 배열\no4344_above_Average\no4344_above_Average.csproj", "{D5425910-B90D-4DB4-8C7E-E8AE0FF4F5A2}"
EndProject
Project("{2150E333-8FDC-42A3-9474-1A3956D46DE8}") = "함수", "함수", "{7E0E4754-9331-41FF-8D1A-5986696948BA}"
EndProject
Project("{9A19103F-16F7-4668-BE54-9A1E7A4F7556}") = "no4673_Self_Number", "함수\no4673_Self_Number\no4673_Self_Number.csproj", "{41DF66E9-BAF6-44A1-BC54-2BD0491B9EFF}"
EndProject
Project("{FAE04EC0-301F-11D3-BF4B-00C04F79EFBC}") = "no1065_Hansu", "함수\no1065_Hansu\no1065_Hansu.csproj", "{7E20BE02-72D3-4EBD-BC3B-7D7E9BE6A445}"
EndProject
Global
	GlobalSection(SolutionConfigurationPlatforms) = preSolution
		Debug|Any CPU = Debug|Any CPU
		Release|Any CPU = Release|Any CPU
	EndGlobalSection
	GlobalSection(ProjectConfigurationPlatforms) = postSolution
		{5916D137-3687-4224-BB36-8CCACAA2056D}.Debug|Any CPU.ActiveCfg = Debug|Any CPU
		{5916D137-3687-4224-BB36-8CCACAA2056D}.Debug|Any CPU.Build.0 = Debug|Any CPU
		{5916D137-3687-4224-BB36-8CCACAA2056D}.Release|Any CPU.ActiveCfg = Release|Any CPU
		{5916D137-3687-4224-BB36-8CCACAA2056D}.Release|Any CPU.Build.0 = Release|Any CPU
		{F5BA6B7B-9BE9-4D0E-828F-EA0C3598F766}.Debug|Any CPU.ActiveCfg = Debug|Any CPU
		{F5BA6B7B-9BE9-4D0E-828F-EA0C3598F766}.Debug|Any CPU.Build.0 = Debug|Any CPU
		{F5BA6B7B-9BE9-4D0E-828F-EA0C3598F766}.Release|Any CPU.ActiveCfg = Release|Any CPU
		{F5BA6B7B-9BE9-4D0E-828F-EA0C3598F766}.Release|Any CPU.Build.0 = Release|Any CPU
		{08A4E103-2D17-49C9-9883-1CDBD08D221D}.Debug|Any CPU.ActiveCfg = Debug|Any CPU
		{08A4E103-2D17-49C9-9883-1CDBD08D221D}.Debug|Any CPU.Build.0 = Debug|Any CPU
		{08A4E103-2D17-49C9-9883-1CDBD08D221D}.Release|Any CPU.ActiveCfg = Release|Any CPU
		{08A4E103-2D17-49C9-9883-1CDBD08D221D}.Release|Any CPU.Build.0 = Release|Any CPU
		{B39DF3F8-F9D8-4422-8B37-1BB55FEF3B54}.Debug|Any CPU.ActiveCfg = Debug|Any CPU
		{B39DF3F8-F9D8-4422-8B37-1BB55FEF3B54}.Debug|Any CPU.Build.0 = Debug|Any CPU
		{B39DF3F8-F9D8-4422-8B37-1BB55FEF3B54}.Release|Any CPU.ActiveCfg = Release|Any CPU
		{B39DF3F8-F9D8-4422-8B37-1BB55FEF3B54}.Release|Any CPU.Build.0 = Release|Any CPU
		{AD14ECA4-0475-45E6-A8C2-A1FAB358DB84}.Debug|Any CPU.ActiveCfg = Debug|Any CPU
		{AD14ECA4-0475-45E6-A8C2-A1FAB358DB84}.Debug|Any CPU.Build.0 = Debug|Any CPU
		{AD14ECA4-0475-45E6-A8C2-A1FAB358DB84}.Release|Any CPU.ActiveCfg = Release|Any CPU
		{AD14ECA4-0475-45E6-A8C2-A1FAB358DB84}.Release|Any CPU.Build.0 = Release|Any CPU
		{29A45241-5E72-4509-A520-84DCA57E46E1}.Debug|Any CPU.ActiveCfg = Debug|Any CPU
		{29A45241-5E72-4509-A520-84DCA57E46E1}.Debug|Any CPU.Build.0 = Debug|Any CPU
		{29A45241-5E72-4509-A520-84DCA57E46E1}.Release|Any CPU.ActiveCfg = Release|Any CPU
		{29A45241-5E72-4509-A520-84DCA57E46E1}.Release|Any CPU.Build.0 = Release|Any CPU
		{8863E9BE-234A-4CAE-B829-15C2A1F2A3B5}.Debug|Any CPU.ActiveCfg = Debug|Any CPU
		{8863E9BE-234A-4CAE-B829-15C2A1F2A3B5}.Debug|Any CPU.Build.0 = Debug|Any CPU
		{8863E9BE-234A-4CAE-B829-15C2A1F2A3B5}.Release|Any CPU.ActiveCfg = Release|Any CPU
		{8863E9BE-234A-4CAE-B829-15C2A1F2A3B5}.Release|Any CPU.Build.0 = Release|Any CPU
		{72E01E1E-0D4D-47E4-B149-10D7BD2BF312}.Debug|Any CPU.ActiveCfg = Debug|Any CPU
		{72E01E1E-0D4D-47E4-B149-10D7BD2BF312}.Debug|Any CPU.Build.0 = Debug|Any CPU
		{72E01E1E-0D4D-47E4-B149-10D7BD2BF312}.Release|Any CPU.ActiveCfg = Release|Any CPU
		{72E01E1E-0D4D-47E4-B149-10D7BD2BF312}.Release|Any CPU.Build.0 = Release|Any CPU
		{EE28491F-4E1B-475E-86FC-11214586A7C4}.Debug|Any CPU.ActiveCfg = Debug|Any CPU
		{EE28491F-4E1B-475E-86FC-11214586A7C4}.Debug|Any CPU.Build.0 = Debug|Any CPU
		{EE28491F-4E1B-475E-86FC-11214586A7C4}.Release|Any CPU.ActiveCfg = Release|Any CPU
		{EE28491F-4E1B-475E-86FC-11214586A7C4}.Release|Any CPU.Build.0 = Release|Any CPU
		{0F18B016-7C70-49DF-8D6B-DD96D7CAB4F1}.Debug|Any CPU.ActiveCfg = Debug|Any CPU
		{0F18B016-7C70-49DF-8D6B-DD96D7CAB4F1}.Debug|Any CPU.Build.0 = Debug|Any CPU
		{0F18B016-7C70-49DF-8D6B-DD96D7CAB4F1}.Release|Any CPU.ActiveCfg = Release|Any CPU
		{0F18B016-7C70-49DF-8D6B-DD96D7CAB4F1}.Release|Any CPU.Build.0 = Release|Any CPU
		{8AE7090E-C29A-4DF3-A455-67CAEDD2762A}.Debug|Any CPU.ActiveCfg = Debug|Any CPU
		{8AE7090E-C29A-4DF3-A455-67CAEDD2762A}.Debug|Any CPU.Build.0 = Debug|Any CPU
		{8AE7090E-C29A-4DF3-A455-67CAEDD2762A}.Release|Any CPU.ActiveCfg = Release|Any CPU
		{8AE7090E-C29A-4DF3-A455-67CAEDD2762A}.Release|Any CPU.Build.0 = Release|Any CPU
		{F91C9D2B-FC44-499B-972F-BDEA3B6864BD}.Debug|Any CPU.ActiveCfg = Debug|Any CPU
		{F91C9D2B-FC44-499B-972F-BDEA3B6864BD}.Debug|Any CPU.Build.0 = Debug|Any CPU
		{F91C9D2B-FC44-499B-972F-BDEA3B6864BD}.Release|Any CPU.ActiveCfg = Release|Any CPU
		{F91C9D2B-FC44-499B-972F-BDEA3B6864BD}.Release|Any CPU.Build.0 = Release|Any CPU
		{0FAE71BF-6BAF-4E52-BA21-EBB00C236656}.Debug|Any CPU.ActiveCfg = Debug|Any CPU
		{0FAE71BF-6BAF-4E52-BA21-EBB00C236656}.Debug|Any CPU.Build.0 = Debug|Any CPU
		{0FAE71BF-6BAF-4E52-BA21-EBB00C236656}.Release|Any CPU.ActiveCfg = Release|Any CPU
		{0FAE71BF-6BAF-4E52-BA21-EBB00C236656}.Release|Any CPU.Build.0 = Release|Any CPU
		{AEAE237F-40B7-4B17-8935-7C9C9E968E83}.Debug|Any CPU.ActiveCfg = Debug|Any CPU
		{AEAE237F-40B7-4B17-8935-7C9C9E968E83}.Debug|Any CPU.Build.0 = Debug|Any CPU
		{AEAE237F-40B7-4B17-8935-7C9C9E968E83}.Release|Any CPU.ActiveCfg = Release|Any CPU
		{AEAE237F-40B7-4B17-8935-7C9C9E968E83}.Release|Any CPU.Build.0 = Release|Any CPU
		{0EDB91E7-5526-4754-906F-11ADB155E157}.Debug|Any CPU.ActiveCfg = Debug|Any CPU
		{0EDB91E7-5526-4754-906F-11ADB155E157}.Debug|Any CPU.Build.0 = Debug|Any CPU
		{0EDB91E7-5526-4754-906F-11ADB155E157}.Release|Any CPU.ActiveCfg = Release|Any CPU
		{0EDB91E7-5526-4754-906F-11ADB155E157}.Release|Any CPU.Build.0 = Release|Any CPU
		{F97C70EB-1F96-43CA-92DD-93406AF215B3}.Debug|Any CPU.ActiveCfg = Debug|Any CPU
		{F97C70EB-1F96-43CA-92DD-93406AF215B3}.Debug|Any CPU.Build.0 = Debug|Any CPU
		{F97C70EB-1F96-43CA-92DD-93406AF215B3}.Release|Any CPU.ActiveCfg = Release|Any CPU
		{F97C70EB-1F96-43CA-92DD-93406AF215B3}.Release|Any CPU.Build.0 = Release|Any CPU
		{9E098239-8233-4B8F-964C-EF6ADE99A40F}.Debug|Any CPU.ActiveCfg = Debug|Any CPU
		{9E098239-8233-4B8F-964C-EF6ADE99A40F}.Debug|Any CPU.Build.0 = Debug|Any CPU
		{9E098239-8233-4B8F-964C-EF6ADE99A40F}.Release|Any CPU.ActiveCfg = Release|Any CPU
		{9E098239-8233-4B8F-964C-EF6ADE99A40F}.Release|Any CPU.Build.0 = Release|Any CPU
		{A6C7BFD0-CDA0-4FD0-8557-BF76A5EB26AD}.Debug|Any CPU.ActiveCfg = Debug|Any CPU
		{A6C7BFD0-CDA0-4FD0-8557-BF76A5EB26AD}.Debug|Any CPU.Build.0 = Debug|Any CPU
		{A6C7BFD0-CDA0-4FD0-8557-BF76A5EB26AD}.Release|Any CPU.ActiveCfg = Release|Any CPU
		{A6C7BFD0-CDA0-4FD0-8557-BF76A5EB26AD}.Release|Any CPU.Build.0 = Release|Any CPU
		{3AB70567-0B20-4BE7-B2A0-5546B1B859C3}.Debug|Any CPU.ActiveCfg = Debug|Any CPU
		{3AB70567-0B20-4BE7-B2A0-5546B1B859C3}.Debug|Any CPU.Build.0 = Debug|Any CPU
		{3AB70567-0B20-4BE7-B2A0-5546B1B859C3}.Release|Any CPU.ActiveCfg = Release|Any CPU
		{3AB70567-0B20-4BE7-B2A0-5546B1B859C3}.Release|Any CPU.Build.0 = Release|Any CPU
		{B65F2A33-8375-4619-BF1D-B6C59B145955}.Debug|Any CPU.ActiveCfg = Debug|Any CPU
		{B65F2A33-8375-4619-BF1D-B6C59B145955}.Debug|Any CPU.Build.0 = Debug|Any CPU
		{B65F2A33-8375-4619-BF1D-B6C59B145955}.Release|Any CPU.ActiveCfg = Release|Any CPU
		{B65F2A33-8375-4619-BF1D-B6C59B145955}.Release|Any CPU.Build.0 = Release|Any CPU
		{054BA203-0DB6-4D3D-8323-77A524BBA738}.Debug|Any CPU.ActiveCfg = Debug|Any CPU
		{054BA203-0DB6-4D3D-8323-77A524BBA738}.Debug|Any CPU.Build.0 = Debug|Any CPU
		{054BA203-0DB6-4D3D-8323-77A524BBA738}.Release|Any CPU.ActiveCfg = Release|Any CPU
		{054BA203-0DB6-4D3D-8323-77A524BBA738}.Release|Any CPU.Build.0 = Release|Any CPU
		{548C00F5-9F2E-430A-8FB8-7DF2DC81B6AE}.Debug|Any CPU.ActiveCfg = Debug|Any CPU
		{548C00F5-9F2E-430A-8FB8-7DF2DC81B6AE}.Debug|Any CPU.Build.0 = Debug|Any CPU
		{548C00F5-9F2E-430A-8FB8-7DF2DC81B6AE}.Release|Any CPU.ActiveCfg = Release|Any CPU
		{548C00F5-9F2E-430A-8FB8-7DF2DC81B6AE}.Release|Any CPU.Build.0 = Release|Any CPU
		{913223F2-305A-470C-99EE-4DCD8F86CB1F}.Debug|Any CPU.ActiveCfg = Debug|Any CPU
		{913223F2-305A-470C-99EE-4DCD8F86CB1F}.Debug|Any CPU.Build.0 = Debug|Any CPU
		{913223F2-305A-470C-99EE-4DCD8F86CB1F}.Release|Any CPU.ActiveCfg = Release|Any CPU
		{913223F2-305A-470C-99EE-4DCD8F86CB1F}.Release|Any CPU.Build.0 = Release|Any CPU
		{3D720640-0481-4EC7-8BBA-B7261BEE441E}.Debug|Any CPU.ActiveCfg = Debug|Any CPU
		{3D720640-0481-4EC7-8BBA-B7261BEE441E}.Debug|Any CPU.Build.0 = Debug|Any CPU
		{3D720640-0481-4EC7-8BBA-B7261BEE441E}.Release|Any CPU.ActiveCfg = Release|Any CPU
		{3D720640-0481-4EC7-8BBA-B7261BEE441E}.Release|Any CPU.Build.0 = Release|Any CPU
		{22389B97-1447-4391-904C-B16748244B9D}.Debug|Any CPU.ActiveCfg = Debug|Any CPU
		{22389B97-1447-4391-904C-B16748244B9D}.Debug|Any CPU.Build.0 = Debug|Any CPU
		{22389B97-1447-4391-904C-B16748244B9D}.Release|Any CPU.ActiveCfg = Release|Any CPU
		{22389B97-1447-4391-904C-B16748244B9D}.Release|Any CPU.Build.0 = Release|Any CPU
		{A02485FA-CA85-4954-ABBE-D541D61F5D73}.Debug|Any CPU.ActiveCfg = Debug|Any CPU
		{A02485FA-CA85-4954-ABBE-D541D61F5D73}.Debug|Any CPU.Build.0 = Debug|Any CPU
		{A02485FA-CA85-4954-ABBE-D541D61F5D73}.Release|Any CPU.ActiveCfg = Release|Any CPU
		{A02485FA-CA85-4954-ABBE-D541D61F5D73}.Release|Any CPU.Build.0 = Release|Any CPU
		{FF16C901-7642-44A1-B58C-FC605CB62D4B}.Debug|Any CPU.ActiveCfg = Debug|Any CPU
		{FF16C901-7642-44A1-B58C-FC605CB62D4B}.Debug|Any CPU.Build.0 = Debug|Any CPU
		{FF16C901-7642-44A1-B58C-FC605CB62D4B}.Release|Any CPU.ActiveCfg = Release|Any CPU
		{FF16C901-7642-44A1-B58C-FC605CB62D4B}.Release|Any CPU.Build.0 = Release|Any CPU
		{2B92C3BA-BDAB-43D2-9987-6BC5EEBBA203}.Debug|Any CPU.ActiveCfg = Debug|Any CPU
		{2B92C3BA-BDAB-43D2-9987-6BC5EEBBA203}.Debug|Any CPU.Build.0 = Debug|Any CPU
		{2B92C3BA-BDAB-43D2-9987-6BC5EEBBA203}.Release|Any CPU.ActiveCfg = Release|Any CPU
		{2B92C3BA-BDAB-43D2-9987-6BC5EEBBA203}.Release|Any CPU.Build.0 = Release|Any CPU
		{FCA934ED-2A4C-4159-92F0-AC235F23FEB0}.Debug|Any CPU.ActiveCfg = Debug|Any CPU
		{FCA934ED-2A4C-4159-92F0-AC235F23FEB0}.Debug|Any CPU.Build.0 = Debug|Any CPU
		{FCA934ED-2A4C-4159-92F0-AC235F23FEB0}.Release|Any CPU.ActiveCfg = Release|Any CPU
		{FCA934ED-2A4C-4159-92F0-AC235F23FEB0}.Release|Any CPU.Build.0 = Release|Any CPU
		{8A5EB978-81E0-4F48-86DD-8EE8146C8354}.Debug|Any CPU.ActiveCfg = Debug|Any CPU
		{8A5EB978-81E0-4F48-86DD-8EE8146C8354}.Debug|Any CPU.Build.0 = Debug|Any CPU
		{8A5EB978-81E0-4F48-86DD-8EE8146C8354}.Release|Any CPU.ActiveCfg = Release|Any CPU
		{8A5EB978-81E0-4F48-86DD-8EE8146C8354}.Release|Any CPU.Build.0 = Release|Any CPU
		{85B9082B-E506-4ECC-9A11-9477B160D578}.Debug|Any CPU.ActiveCfg = Debug|Any CPU
		{85B9082B-E506-4ECC-9A11-9477B160D578}.Debug|Any CPU.Build.0 = Debug|Any CPU
		{85B9082B-E506-4ECC-9A11-9477B160D578}.Release|Any CPU.ActiveCfg = Release|Any CPU
		{85B9082B-E506-4ECC-9A11-9477B160D578}.Release|Any CPU.Build.0 = Release|Any CPU
		{33696AFF-676F-444A-9B54-B8257B950B30}.Debug|Any CPU.ActiveCfg = Debug|Any CPU
		{33696AFF-676F-444A-9B54-B8257B950B30}.Debug|Any CPU.Build.0 = Debug|Any CPU
		{33696AFF-676F-444A-9B54-B8257B950B30}.Release|Any CPU.ActiveCfg = Release|Any CPU
		{33696AFF-676F-444A-9B54-B8257B950B30}.Release|Any CPU.Build.0 = Release|Any CPU
		{AEAAB8EA-52A6-41DB-86EB-A9F8F6A7C699}.Debug|Any CPU.ActiveCfg = Debug|Any CPU
		{AEAAB8EA-52A6-41DB-86EB-A9F8F6A7C699}.Debug|Any CPU.Build.0 = Debug|Any CPU
		{AEAAB8EA-52A6-41DB-86EB-A9F8F6A7C699}.Release|Any CPU.ActiveCfg = Release|Any CPU
		{AEAAB8EA-52A6-41DB-86EB-A9F8F6A7C699}.Release|Any CPU.Build.0 = Release|Any CPU
		{2826C950-A6CD-403E-865C-18642FFD5935}.Debug|Any CPU.ActiveCfg = Debug|Any CPU
		{2826C950-A6CD-403E-865C-18642FFD5935}.Debug|Any CPU.Build.0 = Debug|Any CPU
		{2826C950-A6CD-403E-865C-18642FFD5935}.Release|Any CPU.ActiveCfg = Release|Any CPU
		{2826C950-A6CD-403E-865C-18642FFD5935}.Release|Any CPU.Build.0 = Release|Any CPU
		{0C36EDE0-B3AD-425C-B884-CCDD1DCA7775}.Debug|Any CPU.ActiveCfg = Debug|Any CPU
		{0C36EDE0-B3AD-425C-B884-CCDD1DCA7775}.Debug|Any CPU.Build.0 = Debug|Any CPU
		{0C36EDE0-B3AD-425C-B884-CCDD1DCA7775}.Release|Any CPU.ActiveCfg = Release|Any CPU
		{0C36EDE0-B3AD-425C-B884-CCDD1DCA7775}.Release|Any CPU.Build.0 = Release|Any CPU
		{D5425910-B90D-4DB4-8C7E-E8AE0FF4F5A2}.Debug|Any CPU.ActiveCfg = Debug|Any CPU
		{D5425910-B90D-4DB4-8C7E-E8AE0FF4F5A2}.Debug|Any CPU.Build.0 = Debug|Any CPU
		{D5425910-B90D-4DB4-8C7E-E8AE0FF4F5A2}.Release|Any CPU.ActiveCfg = Release|Any CPU
		{D5425910-B90D-4DB4-8C7E-E8AE0FF4F5A2}.Release|Any CPU.Build.0 = Release|Any CPU
		{41DF66E9-BAF6-44A1-BC54-2BD0491B9EFF}.Debug|Any CPU.ActiveCfg = Debug|Any CPU
		{41DF66E9-BAF6-44A1-BC54-2BD0491B9EFF}.Debug|Any CPU.Build.0 = Debug|Any CPU
		{41DF66E9-BAF6-44A1-BC54-2BD0491B9EFF}.Release|Any CPU.ActiveCfg = Release|Any CPU
		{41DF66E9-BAF6-44A1-BC54-2BD0491B9EFF}.Release|Any CPU.Build.0 = Release|Any CPU
		{7E20BE02-72D3-4EBD-BC3B-7D7E9BE6A445}.Debug|Any CPU.ActiveCfg = Debug|Any CPU
		{7E20BE02-72D3-4EBD-BC3B-7D7E9BE6A445}.Debug|Any CPU.Build.0 = Debug|Any CPU
		{7E20BE02-72D3-4EBD-BC3B-7D7E9BE6A445}.Release|Any CPU.ActiveCfg = Release|Any CPU
		{7E20BE02-72D3-4EBD-BC3B-7D7E9BE6A445}.Release|Any CPU.Build.0 = Release|Any CPU
	EndGlobalSection
	GlobalSection(SolutionProperties) = preSolution
		HideSolutionNode = FALSE
	EndGlobalSection
	GlobalSection(NestedProjects) = preSolution
		{5916D137-3687-4224-BB36-8CCACAA2056D} = {301A5C05-ABA0-436D-AED5-2E904FD46E6A}
		{F5BA6B7B-9BE9-4D0E-828F-EA0C3598F766} = {301A5C05-ABA0-436D-AED5-2E904FD46E6A}
		{08A4E103-2D17-49C9-9883-1CDBD08D221D} = {301A5C05-ABA0-436D-AED5-2E904FD46E6A}
		{B39DF3F8-F9D8-4422-8B37-1BB55FEF3B54} = {301A5C05-ABA0-436D-AED5-2E904FD46E6A}
		{AD14ECA4-0475-45E6-A8C2-A1FAB358DB84} = {301A5C05-ABA0-436D-AED5-2E904FD46E6A}
		{29A45241-5E72-4509-A520-84DCA57E46E1} = {301A5C05-ABA0-436D-AED5-2E904FD46E6A}
		{8863E9BE-234A-4CAE-B829-15C2A1F2A3B5} = {301A5C05-ABA0-436D-AED5-2E904FD46E6A}
		{72E01E1E-0D4D-47E4-B149-10D7BD2BF312} = {301A5C05-ABA0-436D-AED5-2E904FD46E6A}
		{EE28491F-4E1B-475E-86FC-11214586A7C4} = {301A5C05-ABA0-436D-AED5-2E904FD46E6A}
		{0F18B016-7C70-49DF-8D6B-DD96D7CAB4F1} = {301A5C05-ABA0-436D-AED5-2E904FD46E6A}
		{8AE7090E-C29A-4DF3-A455-67CAEDD2762A} = {301A5C05-ABA0-436D-AED5-2E904FD46E6A}
		{F91C9D2B-FC44-499B-972F-BDEA3B6864BD} = {09CA6C6C-BA3D-4964-BD5D-665EA2823D1D}
		{0FAE71BF-6BAF-4E52-BA21-EBB00C236656} = {09CA6C6C-BA3D-4964-BD5D-665EA2823D1D}
		{AEAE237F-40B7-4B17-8935-7C9C9E968E83} = {09CA6C6C-BA3D-4964-BD5D-665EA2823D1D}
		{0EDB91E7-5526-4754-906F-11ADB155E157} = {09CA6C6C-BA3D-4964-BD5D-665EA2823D1D}
		{F97C70EB-1F96-43CA-92DD-93406AF215B3} = {09CA6C6C-BA3D-4964-BD5D-665EA2823D1D}
		{9E098239-8233-4B8F-964C-EF6ADE99A40F} = {17314315-4CAF-40EE-87BD-3D954EFE9237}
		{A6C7BFD0-CDA0-4FD0-8557-BF76A5EB26AD} = {17314315-4CAF-40EE-87BD-3D954EFE9237}
		{3AB70567-0B20-4BE7-B2A0-5546B1B859C3} = {17314315-4CAF-40EE-87BD-3D954EFE9237}
		{B65F2A33-8375-4619-BF1D-B6C59B145955} = {17314315-4CAF-40EE-87BD-3D954EFE9237}
		{054BA203-0DB6-4D3D-8323-77A524BBA738} = {17314315-4CAF-40EE-87BD-3D954EFE9237}
		{548C00F5-9F2E-430A-8FB8-7DF2DC81B6AE} = {17314315-4CAF-40EE-87BD-3D954EFE9237}
		{913223F2-305A-470C-99EE-4DCD8F86CB1F} = {17314315-4CAF-40EE-87BD-3D954EFE9237}
		{3D720640-0481-4EC7-8BBA-B7261BEE441E} = {17314315-4CAF-40EE-87BD-3D954EFE9237}
		{22389B97-1447-4391-904C-B16748244B9D} = {17314315-4CAF-40EE-87BD-3D954EFE9237}
		{A02485FA-CA85-4954-ABBE-D541D61F5D73} = {17314315-4CAF-40EE-87BD-3D954EFE9237}
		{FF16C901-7642-44A1-B58C-FC605CB62D4B} = {BA580EFB-0583-44D2-9FA2-FC0F0C088E1E}
		{2B92C3BA-BDAB-43D2-9987-6BC5EEBBA203} = {BA580EFB-0583-44D2-9FA2-FC0F0C088E1E}
		{FCA934ED-2A4C-4159-92F0-AC235F23FEB0} = {BA580EFB-0583-44D2-9FA2-FC0F0C088E1E}
		{8A5EB978-81E0-4F48-86DD-8EE8146C8354} = {4F0EB9FF-F4BF-4897-9268-140A0409FA89}
		{85B9082B-E506-4ECC-9A11-9477B160D578} = {4F0EB9FF-F4BF-4897-9268-140A0409FA89}
		{33696AFF-676F-444A-9B54-B8257B950B30} = {4F0EB9FF-F4BF-4897-9268-140A0409FA89}
		{AEAAB8EA-52A6-41DB-86EB-A9F8F6A7C699} = {4F0EB9FF-F4BF-4897-9268-140A0409FA89}
		{2826C950-A6CD-403E-865C-18642FFD5935} = {4F0EB9FF-F4BF-4897-9268-140A0409FA89}
		{0C36EDE0-B3AD-425C-B884-CCDD1DCA7775} = {4F0EB9FF-F4BF-4897-9268-140A0409FA89}
		{D5425910-B90D-4DB4-8C7E-E8AE0FF4F5A2} = {4F0EB9FF-F4BF-4897-9268-140A0409FA89}
		{41DF66E9-BAF6-44A1-BC54-2BD0491B9EFF} = {7E0E4754-9331-41FF-8D1A-5986696948BA}
		{7E20BE02-72D3-4EBD-BC3B-7D7E9BE6A445} = {7E0E4754-9331-41FF-8D1A-5986696948BA}
	EndGlobalSection
	GlobalSection(ExtensibilityGlobals) = postSolution
		SolutionGuid = {3A2E7517-DA7B-45B1-9C9A-1EEC398D9A5F}
	EndGlobalSection
EndGlobal
